
Microsoft Visual Studio Solution File, Format Version 12.00
# Visual Studio Version 17
VisualStudioVersion = 17.11.35327.3
MinimumVisualStudioVersion = 10.0.40219.1
Project("{8BC9CEB8-8B4A-11D0-8D11-00A0C91BC942}") = "Dll", "Dll\Dll.vcxproj", "{E8894F76-02B5-4DFB-9608-B0DE392C2AAC}"
EndProject
Project("{8BC9CEB8-8B4A-11D0-8D11-00A0C91BC942}") = "AppWithDLL", "AppWithDLL\AppWithDLL.vcxproj", "{19220931-B478-4453-B10B-23FE983CB375}"
	ProjectSection(ProjectDependencies) = postProject
		{E8894F76-02B5-4DFB-9608-B0DE392C2AAC} = {E8894F76-02B5-4DFB-9608-B0DE392C2AAC}
	EndProjectSection
EndProject
Project("{54435603-DBB4-11D2-8724-00A0C9A8B90C}") = "ProjectInstallSetup", "ProjectInstallSetup\ProjectInstallSetup.vdproj", "{60F8BB70-C642-439B-BF72-AF9C990581E5}"
EndProject
Global
	GlobalSection(SolutionConfigurationPlatforms) = preSolution
		Debug|x64 = Debug|x64
		Debug|x86 = Debug|x86
		Release|x64 = Release|x64
		Release|x86 = Release|x86
	EndGlobalSection
	GlobalSection(ProjectConfigurationPlatforms) = postSolution
		{E8894F76-02B5-4DFB-9608-B0DE392C2AAC}.Debug|x64.ActiveCfg = Debug|x64
		{E8894F76-02B5-4DFB-9608-B0DE392C2AAC}.Debug|x64.Build.0 = Debug|x64
		{E8894F76-02B5-4DFB-9608-B0DE392C2AAC}.Debug|x86.ActiveCfg = Debug|Win32
		{E8894F76-02B5-4DFB-9608-B0DE392C2AAC}.Debug|x86.Build.0 = Debug|Win32
		{E8894F76-02B5-4DFB-9608-B0DE392C2AAC}.Release|x64.ActiveCfg = Release|x64
		{E8894F76-02B5-4DFB-9608-B0DE392C2AAC}.Release|x64.Build.0 = Release|x64
		{E8894F76-02B5-4DFB-9608-B0DE392C2AAC}.Release|x86.ActiveCfg = Release|Win32
		{E8894F76-02B5-4DFB-9608-B0DE392C2AAC}.Release|x86.Build.0 = Release|Win32
		{19220931-B478-4453-B10B-23FE983CB375}.Debug|x64.ActiveCfg = Debug|x64
		{19220931-B478-4453-B10B-23FE983CB375}.Debug|x64.Build.0 = Debug|x64
		{19220931-B478-4453-B10B-23FE983CB375}.Debug|x86.ActiveCfg = Debug|Win32
		{19220931-B478-4453-B10B-23FE983CB375}.Debug|x86.Build.0 = Debug|Win32
		{19220931-B478-4453-B10B-23FE983CB375}.Release|x64.ActiveCfg = Release|x64
		{19220931-B478-4453-B10B-23FE983CB375}.Release|x64.Build.0 = Release|x64
		{19220931-B478-4453-B10B-23FE983CB375}.Release|x86.ActiveCfg = Release|Win32
		{19220931-B478-4453-B10B-23FE983CB375}.Release|x86.Build.0 = Release|Win32
		{60F8BB70-C642-439B-BF72-AF9C990581E5}.Debug|x64.ActiveCfg = Debug
		{60F8BB70-C642-439B-BF72-AF9C990581E5}.Debug|x86.ActiveCfg = Debug
		{60F8BB70-C642-439B-BF72-AF9C990581E5}.Release|x64.ActiveCfg = Release
		{60F8BB70-C642-439B-BF72-AF9C990581E5}.Release|x86.ActiveCfg = Release
	EndGlobalSection
	GlobalSection(SolutionProperties) = preSolution
		HideSolutionNode = FALSE
	EndGlobalSection
	GlobalSection(ExtensibilityGlobals) = postSolution
		SolutionGuid = {A652432D-B431-4C5A-991E-28D645EFF93D}
	EndGlobalSection
EndGlobal
